
Microsoft Visual Studio Solution File, Format Version 12.00
# Visual Studio Version 17
VisualStudioVersion = 17.14.36121.58
MinimumVisualStudioVersion = 10.0.40219.1
Project("{FAE04EC0-301F-11D3-BF4B-00C04F79EFBC}") = "OnlineShopWebApp", "shop\OnlineShopWebApp.csproj", "{D2878E42-C41F-421B-B3E1-4E093601FAA5}"
EndProject
Project("{FAE04EC0-301F-11D3-BF4B-00C04F79EFBC}") = "OnlineShop.Db", "OnlineShop.Db\OnlineShop.Db.csproj", "{4154527E-A878-4D40-959C-72DFDDDB4A32}"
EndProject
Global
	GlobalSection(SolutionConfigurationPlatforms) = preSolution
		Debug|Any CPU = Debug|Any CPU
		Release|Any CPU = Release|Any CPU
	EndGlobalSection
	GlobalSection(ProjectConfigurationPlatforms) = postSolution
		{D2878E42-C41F-421B-B3E1-4E093601FAA5}.Debug|Any CPU.ActiveCfg = Debug|Any CPU
		{D2878E42-C41F-421B-B3E1-4E093601FAA5}.Debug|Any CPU.Build.0 = Debug|Any CPU
		{D2878E42-C41F-421B-B3E1-4E093601FAA5}.Release|Any CPU.ActiveCfg = Release|Any CPU
		{D2878E42-C41F-421B-B3E1-4E093601FAA5}.Release|Any CPU.Build.0 = Release|Any CPU
		{4154527E-A878-4D40-959C-72DFDDDB4A32}.Debug|Any CPU.ActiveCfg = Debug|Any CPU
		{4154527E-A878-4D40-959C-72DFDDDB4A32}.Debug|Any CPU.Build.0 = Debug|Any CPU
		{4154527E-A878-4D40-959C-72DFDDDB4A32}.Release|Any CPU.ActiveCfg = Release|Any CPU
		{4154527E-A878-4D40-959C-72DFDDDB4A32}.Release|Any CPU.Build.0 = Release|Any CPU
	EndGlobalSection
	GlobalSection(SolutionProperties) = preSolution
		HideSolutionNode = FALSE
	EndGlobalSection
	GlobalSection(ExtensibilityGlobals) = postSolution
		SolutionGuid = {6BDF73FE-D3C6-4A2C-99FF-C4ECF9879868}
	EndGlobalSection
EndGlobal
